PODS:
  - AORangeSlider (1.0.6)
  - IQKeyboardManagerSwift (6.3.0)
  - RangeSeekSlider (1.8.0)
  - SDWebImage (5.2.5):
    - SDWebImage/Core (= 5.2.5)
  - SDWebImage/Core (5.2.5)

DEPENDENCIES:
  - AORangeSlider (~> 1.0)
  - IQKeyboardManagerSwift (= 6.3.0)
  - RangeSeekSlider
  - SDWebImage (~> 5.0)

SPEC REPOS:
  https://github.com/cocoapods/specs.git:
    - AORangeSlider
    - IQKeyboardManagerSwift
    - RangeSeekSlider
    - SDWebImage

SPEC CHECKSUMS:
  AORangeSlider: 169fbf8d9848dac92de8f3c20042a95116c03331
  IQKeyboardManagerSwift: a8228c257614af98743b4cd8584637025f36358f
  RangeSeekSlider: 650b11fa1edcb92e1e0ede797669d98622570fb5
  SDWebImage: 4eabf2fa6695c95c47724214417a9c036c965e4a

PODFILE CHECKSUM: ffaa0d03ad815c3a3eb7b21380b4f9d5de4a5ae1

COCOAPODS: 1.6.1
